
Microsoft Visual Studio Solution File, Format Version 12.00
# Visual Studio 15
VisualStudioVersion = 15.0.28307.1267
MinimumVisualStudioVersion = 10.0.40219.1
Project("{FAE04EC0-301F-11D3-BF4B-00C04F79EFBC}") = "WebApplication2", "WebApplication2\WebApplication2.csproj", "{F725538D-3522-4991-84E3-8ED953B266A4}"
EndProject
Global
	GlobalSection(SolutionConfigurationPlatforms) = preSolution
		Debug|Any CPU = Debug|Any CPU
		Release|Any CPU = Release|Any CPU
	EndGlobalSection
	GlobalSection(ProjectConfigurationPlatforms) = postSolution
		{F725538D-3522-4991-84E3-8ED953B266A4}.Debug|Any CPU.ActiveCfg = Debug|Any CPU
		{F725538D-3522-4991-84E3-8ED953B266A4}.Debug|Any CPU.Build.0 = Debug|Any CPU
		{F725538D-3522-4991-84E3-8ED953B266A4}.Release|Any CPU.ActiveCfg = Release|Any CPU
		{F725538D-3522-4991-84E3-8ED953B266A4}.Release|Any CPU.Build.0 = Release|Any CPU
	EndGlobalSection
	GlobalSection(SolutionProperties) = preSolution
		HideSolutionNode = FALSE
	EndGlobalSection
	GlobalSection(ExtensibilityGlobals) = postSolution
		SolutionGuid = {FCEED8F3-0778-4745-BD5E-EC02B6978F3D}
	EndGlobalSection
EndGlobal
